// !$*UTF8*$!
{
	archiveVersion = 1;
	classes = {
	};
	objectVersion = 50;
	objects = {

/* Begin PBXBuildFile section */
		6163E164243BDB46006E8BC5 /* AppDelegate.swift in Sources */ = {isa = PBXBuildFile; fileRef = 6163E163243BDB46006E8BC5 /* AppDelegate.swift */; };
		6163E166243BDB46006E8BC5 /* SceneDelegate.swift in Sources */ = {isa = PBXBuildFile; fileRef = 6163E165243BDB46006E8BC5 /* SceneDelegate.swift */; };
		6163E169243BDB47006E8BC5 /* BuddyTrip.xcdatamodeld in Sources */ = {isa = PBXBuildFile; fileRef = 6163E167243BDB47006E8BC5 /* BuddyTrip.xcdatamodeld */; };
		6163E16B243BDB47006E8BC5 /* ContentView.swift in Sources */ = {isa = PBXBuildFile; fileRef = 6163E16A243BDB47006E8BC5 /* ContentView.swift */; };
		6163E16D243BDB4F006E8BC5 /* Assets.xcassets in Resources */ = {isa = PBXBuildFile; fileRef = 6163E16C243BDB4F006E8BC5 /* Assets.xcassets */; };
		6163E170243BDB4F006E8BC5 /* Preview Assets.xcassets in Resources */ = {isa = PBXBuildFile; fileRef = 6163E16F243BDB4F006E8BC5 /* Preview Assets.xcassets */; };
		6163E173243BDB4F006E8BC5 /* LaunchScreen.storyboard in Resources */ = {isa = PBXBuildFile; fileRef = 6163E171243BDB4F006E8BC5 /* LaunchScreen.storyboard */; };
		6163E17E243BDB4F006E8BC5 /* BuddyTripTests.swift in Sources */ = {isa = PBXBuildFile; fileRef = 6163E17D243BDB4F006E8BC5 /* BuddyTripTests.swift */; };
/* End PBXBuildFile section */

/* Begin PBXContainerItemProxy section */
		6163E17A243BDB4F006E8BC5 /* PBXContainerItemProxy */ = {
			isa = PBXContainerItemProxy;
			containerPortal = 6163E158243BDB46006E8BC5 /* Project object */;
			proxyType = 1;
			remoteGlobalIDString = 6163E15F243BDB46006E8BC5;
			remoteInfo = BuddyTrip;
		};
/* End PBXContainerItemProxy section */

/* Begin PBXFileReference section */
		6163E160243BDB46006E8BC5 /* BuddyTrip.app */ = {isa = PBXFileReference; explicitFileType = wrapper.application; includeInIndex = 0; path = BuddyTrip.app; sourceTree = BUILT_PRODUCTS_DIR; };
		6163E163243BDB46006E8BC5 /* AppDelegate.swift */ = {isa = PBXFileReference; lastKnownFileType = sourcecode.swift; path = AppDelegate.swift; sourceTree = "<group>"; };
		6163E165243BDB46006E8BC5 /* SceneDelegate.swift */ = {isa = PBXFileReference; lastKnownFileType = sourcecode.swift; path = SceneDelegate.swift; sourceTree = "<group>"; };
		6163E168243BDB47006E8BC5 /* BuddyTrip.xcdatamodel */ = {isa = PBXFileReference; lastKnownFileType = wrapper.xcdatamodel; path = BuddyTrip.xcdatamodel; sourceTree = "<group>"; };
		6163E16A243BDB47006E8BC5 /* ContentView.swift */ = {isa = PBXFileReference; lastKnownFileType = sourcecode.swift; path = ContentView.swift; sourceTree = "<group>"; };
		6163E16C243BDB4F006E8BC5 /* Assets.xcassets */ = {isa = PBXFileReference; lastKnownFileType = folder.assetcatalog; path = Assets.xcassets; sourceTree = "<group>"; };
		6163E16F243BDB4F006E8BC5 /* Preview Assets.xcassets */ = {isa = PBXFileReference; lastKnownFileType = folder.assetcatalog; path = "Preview Assets.xcassets"; sourceTree = "<group>"; };
		6163E172243BDB4F006E8BC5 /* Base */ = {isa = PBXFileReference; lastKnownFileType = file.storyboard; name = Base; path = Base.lproj/LaunchScreen.storyboard; sourceTree = "<group>"; };
		6163E174243BDB4F006E8BC5 /* Info.plist */ = {isa = PBXFileReference; lastKnownFileType = text.plist.xml; path = Info.plist; sourceTree = "<group>"; };
		6163E179243BDB4F006E8BC5 /* BuddyTripTests.xctest */ = {isa = PBXFileReference; explicitFileType = wrapper.cfbundle; includeInIndex = 0; path = BuddyTripTests.xctest; sourceTree = BUILT_PRODUCTS_DIR; };
		6163E17D243BDB4F006E8BC5 /* BuddyTripTests.swift */ = {isa = PBXFileReference; lastKnownFileType = sourcecode.swift; path = BuddyTripTests.swift; sourceTree = "<group>"; };
		6163E17F243BDB4F006E8BC5 /* Info.plist */ = {isa = PBXFileReference; lastKnownFileType = text.plist.xml; path = Info.plist; sourceTree = "<group>"; };
/* End PBXFileReference section */

/* Begin PBXFrameworksBuildPhase section */
		6163E15D243BDB46006E8BC5 /* Frameworks */ = {
			isa = PBXFrameworksBuildPhase;
			buildActionMask = 2147483647;
			files = (
			);
			runOnlyForDeploymentPostprocessing = 0;
		};
		6163E176243BDB4F006E8BC5 /* Frameworks */ = {
			isa = PBXFrameworksBuildPhase;
			buildActionMask = 2147483647;
			files = (
			);
			runOnlyForDeploymentPostprocessing = 0;
		};
/* End PBXFrameworksBuildPhase section */

/* Begin PBXGroup section */
		6163E157243BDB46006E8BC5 = {
			isa = PBXGroup;
			children = (
				6163E162243BDB46006E8BC5 /* BuddyTrip */,
				6163E17C243BDB4F006E8BC5 /* BuddyTripTests */,
				6163E161243BDB46006E8BC5 /* Products */,
			);
			sourceTree = "<group>";
		};
		6163E161243BDB46006E8BC5 /* Products */ = {
			isa = PBXGroup;
			children = (
				6163E160243BDB46006E8BC5 /* BuddyTrip.app */,
				6163E179243BDB4F006E8BC5 /* BuddyTripTests.xctest */,
			);
			name = Products;
			sourceTree = "<group>";
		};
		6163E162243BDB46006E8BC5 /* BuddyTrip */ = {
			isa = PBXGroup;
			children = (
				6163E163243BDB46006E8BC5 /* AppDelegate.swift */,
				6163E165243BDB46006E8BC5 /* SceneDelegate.swift */,
				6163E16A243BDB47006E8BC5 /* ContentView.swift */,
				6163E16C243BDB4F006E8BC5 /* Assets.xcassets */,
				6163E171243BDB4F006E8BC5 /* LaunchScreen.storyboard */,
				6163E174243BDB4F006E8BC5 /* Info.plist */,
				6163E167243BDB47006E8BC5 /* BuddyTrip.xcdatamodeld */,
				6163E16E243BDB4F006E8BC5 /* Preview Content */,
			);
			path = BuddyTrip;
			sourceTree = "<group>";
		};
		6163E16E243BDB4F006E8BC5 /* Preview Content */ = {
			isa = PBXGroup;
			children = (
				6163E16F243BDB4F006E8BC5 /* Preview Assets.xcassets */,
			);
			path = "Preview Content";
			sourceTree = "<group>";
		};
		6163E17C243BDB4F006E8BC5 /* BuddyTripTests */ = {
			isa = PBXGroup;
			children = (
				6163E17D243BDB4F006E8BC5 /* BuddyTripTests.swift */,
				6163E17F243BDB4F006E8BC5 /* Info.plist */,
			);
			path = BuddyTripTests;
			sourceTree = "<group>";
		};
/* End PBXGroup section */

/* Begin PBXNativeTarget section */
		6163E15F243BDB46006E8BC5 /* BuddyTrip */ = {
			isa = PBXNativeTarget;
			buildConfigurationList = 6163E182243BDB4F006E8BC5 /* Build configuration list for PBXNativeTarget "BuddyTrip" */;
			buildPhases = (
				6163E15C243BDB46006E8BC5 /* Sources */,
				6163E15D243BDB46006E8BC5 /* Frameworks */,
				6163E15E243BDB46006E8BC5 /* Resources */,
			);
			buildRules = (
			);
			dependencies = (
			);
			name = BuddyTrip;
			productName = BuddyTrip;
			productReference = 6163E160243BDB46006E8BC5 /* BuddyTrip.app */;
			productType = "com.apple.product-type.application";
		};
		6163E178243BDB4F006E8BC5 /* BuddyTripTests */ = {
			isa = PBXNativeTarget;
			buildConfigurationList = 6163E185243BDB4F006E8BC5 /* Build configuration list for PBXNativeTarget "BuddyTripTests" */;
			buildPhases = (
				6163E175243BDB4F006E8BC5 /* Sources */,
				6163E176243BDB4F006E8BC5 /* Frameworks */,
				6163E177243BDB4F006E8BC5 /* Resources */,
			);
			buildRules = (
			);
			dependencies = (
				6163E17B243BDB4F006E8BC5 /* PBXTargetDependency */,
			);
			name = BuddyTripTests;
			productName = BuddyTripTests;
			productReference = 6163E179243BDB4F006E8BC5 /* BuddyTripTests.xctest */;
			productType = "com.apple.product-type.bundle.unit-test";
		};
/* End PBXNativeTarget section */

/* Begin PBXProject section */
		6163E158243BDB46006E8BC5 /* Project object */ = {
			isa = PBXProject;
			attributes = {
				LastSwiftUpdateCheck = 1140;
				LastUpgradeCheck = 1140;
				ORGANIZATIONNAME = DylanMcCarthy;
				TargetAttributes = {
					6163E15F243BDB46006E8BC5 = {
						CreatedOnToolsVersion = 11.4;
					};
					6163E178243BDB4F006E8BC5 = {
						CreatedOnToolsVersion = 11.4;
						TestTargetID = 6163E15F243BDB46006E8BC5;
					};
				};
			};
			buildConfigurationList = 6163E15B243BDB46006E8BC5 /* Build configuration list for PBXProject "BuddyTrip" */;
			compatibilityVersion = "Xcode 9.3";
			developmentRegion = en;
			hasScannedForEncodings = 0;
			knownRegions = (
				en,
				Base,
			);
			mainGroup = 6163E157243BDB46006E8BC5;
			productRefGroup = 6163E161243BDB46006E8BC5 /* Products */;
			projectDirPath = "";
			projectRoot = "";
			targets = (
				6163E15F243BDB46006E8BC5 /* BuddyTrip */,
				6163E178243BDB4F006E8BC5 /* BuddyTripTests */,
			);
		};
/* End PBXProject section */

/* Begin PBXResourcesBuildPhase section */
		6163E15E243BDB46006E8BC5 /* Resources */ = {
			isa = PBXResourcesBuildPhase;
			buildActionMask = 2147483647;
			files = (
				6163E173243BDB4F006E8BC5 /* LaunchScreen.storyboard in Resources */,
				6163E170243BDB4F006E8BC5 /* Preview Assets.xcassets in Resources */,
				6163E16D243BDB4F006E8BC5 /* Assets.xcassets in Resources */,
			);
			runOnlyForDeploymentPostprocessing = 0;
		};
		6163E177243BDB4F006E8BC5 /* Resources */ = {
			isa = PBXResourcesBuildPhase;
			buildActionMask = 2147483647;
			files = (
			);
			runOnlyForDeploymentPostprocessing = 0;
		};
/* End PBXResourcesBuildPhase section */

/* Begin PBXSourcesBuildPhase section */
		6163E15C243BDB46006E8BC5 /* Sources */ = {
			isa = PBXSourcesBuildPhase;
			buildActionMask = 2147483647;
			files = (
				6163E169243BDB47006E8BC5 /* BuddyTrip.xcdatamodeld in Sources */,
				6163E164243BDB46006E8BC5 /* AppDelegate.swift in Sources */,
				6163E16B243BDB47006E8BC5 /* ContentView.swift in Sources */,
				6163E166243BDB46006E8BC5 /* SceneDelegate.swift in Sources */,
			);
			runOnlyForDeploymentPostprocessing = 0;
		};
		6163E175243BDB4F006E8BC5 /* Sources */ = {
			isa = PBXSourcesBuildPhase;
			buildActionMask = 2147483647;
			files = (
				6163E17E243BDB4F006E8BC5 /* BuddyTripTests.swift in Sources */,
			);
			runOnlyForDeploymentPostprocessing = 0;
		};
/* End PBXSourcesBuildPhase section */

/* Begin PBXTargetDependency section */
		6163E17B243BDB4F006E8BC5 /* PBXTargetDependency */ = {
			isa = PBXTargetDependency;
			target = 6163E15F243BDB46006E8BC5 /* BuddyTrip */;
			targetProxy = 6163E17A243BDB4F006E8BC5 /* PBXContainerItemProxy */;
		};
/* End PBXTargetDependency section */

/* Begin PBXVariantGroup section */
		6163E171243BDB4F006E8BC5 /* LaunchScreen.storyboard */ = {
			isa = PBXVariantGroup;
			children = (
				6163E172243BDB4F006E8BC5 /* Base */,
			);
			name = LaunchScreen.storyboard;
			sourceTree = "<group>";
		};
/* End PBXVariantGroup section */

/* Begin XCBuildConfiguration section */
		6163E180243BDB4F006E8BC5 /* Debug */ = {
			isa = XCBuildConfiguration;
			buildSettings = {
				ALWAYS_SEARCH_USER_PATHS = NO;
				CLANG_ANALYZER_NONNULL = YES;
				CLANG_ANALYZER_NUMBER_OBJECT_CONVERSION = YES_AGGRESSIVE;
				CLANG_CXX_LANGUAGE_STANDARD = "gnu++14";
				CLANG_CXX_LIBRARY = "libc++";
				CLANG_ENABLE_MODULES = YES;
				CLANG_ENABLE_OBJC_ARC = YES;
				CLANG_ENABLE_OBJC_WEAK = YES;
				CLANG_WARN_BLOCK_CAPTURE_AUTORELEASING = YES;
				CLANG_WARN_BOOL_CONVERSION = YES;
				CLANG_WARN_COMMA = YES;
				CLANG_WARN_CONSTANT_CONVERSION = YES;
				CLANG_WARN_DEPRECATED_OBJC_IMPLEMENTATIONS = YES;
				CLANG_WARN_DIRECT_OBJC_ISA_USAGE = YES_ERROR;
				CLANG_WARN_DOCUMENTATION_COMMENTS = YES;
				CLANG_WARN_EMPTY_BODY = YES;
				CLANG_WARN_ENUM_CONVERSION = YES;
				CLANG_WARN_INFINITE_RECURSION = YES;
				CLANG_WARN_INT_CONVERSION = YES;
				CLANG_WARN_NON_LITERAL_NULL_CONVERSION = YES;
				CLANG_WARN_OBJC_IMPLICIT_RETAIN_SELF = YES;
				CLANG_WARN_OBJC_LITERAL_CONVERSION = YES;
				CLANG_WARN_OBJC_ROOT_CLASS = YES_ERROR;
				CLANG_WARN_RANGE_LOOP_ANALYSIS = YES;
				CLANG_WARN_STRICT_PROTOTYPES = YES;
				CLANG_WARN_SUSPICIOUS_MOVE = YES;
				CLANG_WARN_UNGUARDED_AVAILABILITY = YES_AGGRESSIVE;
				CLANG_WARN_UNREACHABLE_CODE = YES;
				CLANG_WARN__DUPLICATE_METHOD_MATCH = YES;
				COPY_PHASE_STRIP = NO;
				DEBUG_INFORMATION_FORMAT = dwarf;
				ENABLE_STRICT_OBJC_MSGSEND = YES;
				ENABLE_TESTABILITY = YES;
				GCC_C_LANGUAGE_STANDARD = gnu11;
				GCC_DYNAMIC_NO_PIC = NO;
				GCC_NO_COMMON_BLOCKS = YES;
				GCC_OPTIMIZATION_LEVEL = 0;
				GCC_PREPROCESSOR_DEFINITIONS = (
					"DEBUG=1",
					"$(inherited)",
				);
				GCC_WARN_64_TO_32_BIT_CONVERSION = YES;
				GCC_WARN_ABOUT_RETURN_TYPE = YES_ERROR;
				GCC_WARN_UNDECLARED_SELECTOR = YES;
				GCC_WARN_UNINITIALIZED_AUTOS = YES_AGGRESSIVE;
				GCC_WARN_UNUSED_FUNCTION = YES;
				GCC_WARN_UNUSED_VARIABLE = YES;
				IPHONEOS_DEPLOYMENT_TARGET = 13.4;
				MTL_ENABLE_DEBUG_INFO = INCLUDE_SOURCE;
				MTL_FAST_MATH = YES;
				ONLY_ACTIVE_ARCH = YES;
				SDKROOT = iphoneos;
				SWIFT_ACTIVE_COMPILATION_CONDITIONS = DEBUG;
				SWIFT_OPTIMIZATION_LEVEL = "-Onone";
			};
			name = Debug;
		};
		6163E181243BDB4F006E8BC5 /* Release */ = {
			isa = XCBuildConfiguration;
			buildSettings = {
				ALWAYS_SEARCH_USER_PATHS = NO;
				CLANG_ANALYZER_NONNULL = YES;
				CLANG_ANALYZER_NUMBER_OBJECT_CONVERSION = YES_AGGRESSIVE;
				CLANG_CXX_LANGUAGE_STANDARD = "gnu++14";
				CLANG_CXX_LIBRARY = "libc++";
				CLANG_ENABLE_MODULES = YES;
				CLANG_ENABLE_OBJC_ARC = YES;
				CLANG_ENABLE_OBJC_WEAK = YES;
				CLANG_WARN_BLOCK_CAPTURE_AUTORELEASING = YES;
				CLANG_WARN_BOOL_CONVERSION = YES;
				CLANG_WARN_COMMA = YES;
				CLANG_WARN_CONSTANT_CONVERSION = YES;
				CLANG_WARN_DEPRECATED_OBJC_IMPLEMENTATIONS = YES;
				CLANG_WARN_DIRECT_OBJC_ISA_USAGE = YES_ERROR;
				CLANG_WARN_DOCUMENTATION_COMMENTS = YES;
				CLANG_WARN_EMPTY_BODY = YES;
				CLANG_WARN_ENUM_CONVERSION = YES;
				CLANG_WARN_INFINITE_RECURSION = YES;
				CLANG_WARN_INT_CONVERSION = YES;
				CLANG_WARN_NON_LITERAL_NULL_CONVERSION = YES;
				CLANG_WARN_OBJC_IMPLICIT_RETAIN_SELF = YES;
				CLANG_WARN_OBJC_LITERAL_CONVERSION = YES;
				CLANG_WARN_OBJC_ROOT_CLASS = YES_ERROR;
				CLANG_WARN_RANGE_LOOP_ANALYSIS = YES;
				CLANG_WARN_STRICT_PROTOTYPES = YES;
				CLANG_WARN_SUSPICIOUS_MOVE = YES;
				CLANG_WARN_UNGUARDED_AVAILABILITY = YES_AGGRESSIVE;
				CLANG_WARN_UNREACHABLE_CODE = YES;
				CLANG_WARN__DUPLICATE_METHOD_MATCH = YES;
				COPY_PHASE_STRIP = NO;
				DEBUG_INFORMATION_FORMAT = "dwarf-with-dsym";
				ENABLE_NS_ASSERTIONS = NO;
				ENABLE_STRICT_OBJC_MSGSEND = YES;
				GCC_C_LANGUAGE_STANDARD = gnu11;
				GCC_NO_COMMON_BLOCKS = YES;
				GCC_WARN_64_TO_32_BIT_CONVERSION = YES;
				GCC_WARN_ABOUT_RETURN_TYPE = YES_ERROR;
				GCC_WARN_UNDECLARED_SELECTOR = YES;
				GCC_WARN_UNINITIALIZED_AUTOS = YES_AGGRESSIVE;
				GCC_WARN_UNUSED_FUNCTION = YES;
				GCC_WARN_UNUSED_VARIABLE = YES;
				IPHONEOS_DEPLOYMENT_TARGET = 13.4;
				MTL_ENABLE_DEBUG_INFO = NO;
				MTL_FAST_MATH = YES;
				SDKROOT = iphoneos;
				SWIFT_COMPILATION_MODE = wholemodule;
				SWIFT_OPTIMIZATION_LEVEL = "-O";
				VALIDATE_PRODUCT = YES;
			};
			name = Release;
		};
		6163E183243BDB4F006E8BC5 /* Debug */ = {
			isa = XCBuildConfiguration;
			buildSettings = {
				ASSETCATALOG_COMPILER_APPICON_NAME = AppIcon;
				CODE_SIGN_STYLE = Automatic;
				DEVELOPMENT_ASSET_PATHS = "\"BuddyTrip/Preview Content\"";
				DEVELOPMENT_TEAM = 3K8HM9CR5K;
				ENABLE_PREVIEWS = YES;
				INFOPLIST_FILE = BuddyTrip/Info.plist;
				LD_RUNPATH_SEARCH_PATHS = (
					"$(inherited)",
					"@executable_path/Frameworks",
				);
				PRODUCT_BUNDLE_IDENTIFIER = com.mansdownIndustries.BuddyTrip;
				PRODUCT_NAME = "$(TARGET_NAME)";
				SWIFT_VERSION = 5.0;
				TARGETED_DEVICE_FAMILY = "1,2";
			};
			name = Debug;
		};
		6163E184243BDB4F006E8BC5 /* Release */ = {
			isa = XCBuildConfiguration;
			buildSettings = {
				ASSETCATALOG_COMPILER_APPICON_NAME = AppIcon;
				CODE_SIGN_STYLE = Automatic;
				DEVELOPMENT_ASSET_PATHS = "\"BuddyTrip/Preview Content\"";
				DEVELOPMENT_TEAM = 3K8HM9CR5K;
				ENABLE_PREVIEWS = YES;
				INFOPLIST_FILE = BuddyTrip/Info.plist;
				LD_RUNPATH_SEARCH_PATHS = (
					"$(inherited)",
					"@executable_path/Frameworks",
				);
				PRODUCT_BUNDLE_IDENTIFIER = com.mansdownIndustries.BuddyTrip;
				PRODUCT_NAME = "$(TARGET_NAME)";
				SWIFT_VERSION = 5.0;
				TARGETED_DEVICE_FAMILY = "1,2";
			};
			name = Release;
		};
		6163E186243BDB4F006E8BC5 /* Debug */ = {
			isa = XCBuildConfiguration;
			buildSettings = {
				ALWAYS_EMBED_SWIFT_STANDARD_LIBRARIES = YES;
				BUNDLE_LOADER = "$(TEST_HOST)";
				CODE_SIGN_STYLE = Automatic;
				DEVELOPMENT_TEAM = 3K8HM9CR5K;
				INFOPLIST_FILE = BuddyTripTests/Info.plist;
				IPHONEOS_DEPLOYMENT_TARGET = 13.4;
				LD_RUNPATH_SEARCH_PATHS = (
					"$(inherited)",
					"@executable_path/Frameworks",
					"@loader_path/Frameworks",
				);
				PRODUCT_BUNDLE_IDENTIFIER = com.mansdownIndustries.BuddyTripTests;
				PRODUCT_NAME = "$(TARGET_NAME)";
				SWIFT_VERSION = 5.0;
				TARGETED_DEVICE_FAMILY = "1,2";
				TEST_HOST = "$(BUILT_PRODUCTS_DIR)/BuddyTrip.app/BuddyTrip";
			};
			name = Debug;
		};
		6163E187243BDB4F006E8BC5 /* Release */ = {
			isa = XCBuildConfiguration;
			buildSettings = {
				ALWAYS_EMBED_SWIFT_STANDARD_LIBRARIES = YES;
				BUNDLE_LOADER = "$(TEST_HOST)";
				CODE_SIGN_STYLE = Automatic;
				DEVELOPMENT_TEAM = 3K8HM9CR5K;
				INFOPLIST_FILE = BuddyTripTests/Info.plist;
				IPHONEOS_DEPLOYMENT_TARGET = 13.4;
				LD_RUNPATH_SEARCH_PATHS = (
					"$(inherited)",
					"@executable_path/Frameworks",
					"@loader_path/Frameworks",
				);
				PRODUCT_BUNDLE_IDENTIFIER = com.mansdownIndustries.BuddyTripTests;
				PRODUCT_NAME = "$(TARGET_NAME)";
				SWIFT_VERSION = 5.0;
				TARGETED_DEVICE_FAMILY = "1,2";
				TEST_HOST = "$(BUILT_PRODUCTS_DIR)/BuddyTrip.app/BuddyTrip";
			};
			name = Release;
		};
/* End XCBuildConfiguration section */

/* Begin XCConfigurationList section */
		6163E15B243BDB46006E8BC5 /* Build configuration list for PBXProject "BuddyTrip" */ = {
			isa = XCConfigurationList;
			buildConfigurations = (
				6163E180243BDB4F006E8BC5 /* Debug */,
				6163E181243BDB4F006E8BC5 /* Release */,
			);
			defaultConfigurationIsVisible = 0;
			defaultConfigurationName = Release;
		};
		6163E182243BDB4F006E8BC5 /* Build configuration list for PBXNativeTarget "BuddyTrip" */ = {
			isa = XCConfigurationList;
			buildConfigurations = (
				6163E183243BDB4F006E8BC5 /* Debug */,
				6163E184243BDB4F006E8BC5 /* Release */,
			);
			defaultConfigurationIsVisible = 0;
			defaultConfigurationName = Release;
		};
		6163E185243BDB4F006E8BC5 /* Build configuration list for PBXNativeTarget "BuddyTripTests" */ = {
			isa = XCConfigurationList;
			buildConfigurations = (
				6163E186243BDB4F006E8BC5 /* Debug */,
				6163E187243BDB4F006E8BC5 /* Release */,
			);
			defaultConfigurationIsVisible = 0;
			defaultConfigurationName = Release;
		};
/* End XCConfigurationList section */

/* Begin XCVersionGroup section */
		6163E167243BDB47006E8BC5 /* BuddyTrip.xcdatamodeld */ = {
			isa = XCVersionGroup;
			children = (
				6163E168243BDB47006E8BC5 /* BuddyTrip.xcdatamodel */,
			);
			currentVersion = 6163E168243BDB47006E8BC5 /* BuddyTrip.xcdatamodel */;
			path = BuddyTrip.xcdatamodeld;
			sourceTree = "<group>";
			versionGroupType = wrapper.xcdatamodel;
		};
/* End XCVersionGroup section */
	};
	rootObject = 6163E158243BDB46006E8BC5 /* Project object */;
}
